
Microsoft Visual Studio Solution File, Format Version 12.00
# Visual Studio Version 17
VisualStudioVersion = 17.10.34928.147
MinimumVisualStudioVersion = 10.0.40219.1
Project("{FAE04EC0-301F-11D3-BF4B-00C04F79EFBC}") = "Laboratorio5", "Laboratorio5.csproj", "{A81068B3-14D6-4A2D-AC88-9102C3162AC7}"
EndProject
Global
	GlobalSection(SolutionConfigurationPlatforms) = preSolution
		Debug|Any CPU = Debug|Any CPU
		Release|Any CPU = Release|Any CPU
	EndGlobalSection
	GlobalSection(ProjectConfigurationPlatforms) = postSolution
		{A81068B3-14D6-4A2D-AC88-9102C3162AC7}.Debug|Any CPU.ActiveCfg = Debug|Any CPU
		{A81068B3-14D6-4A2D-AC88-9102C3162AC7}.Debug|Any CPU.Build.0 = Debug|Any CPU
		{A81068B3-14D6-4A2D-AC88-9102C3162AC7}.Release|Any CPU.ActiveCfg = Release|Any CPU
		{A81068B3-14D6-4A2D-AC88-9102C3162AC7}.Release|Any CPU.Build.0 = Release|Any CPU
	EndGlobalSection
	GlobalSection(SolutionProperties) = preSolution
		HideSolutionNode = FALSE
	EndGlobalSection
	GlobalSection(ExtensibilityGlobals) = postSolution
		SolutionGuid = {B28C2545-45EA-423B-A097-6211EB6A2C17}
	EndGlobalSection
EndGlobal
