
Microsoft Visual Studio Solution File, Format Version 12.00
# Visual Studio Version 17
VisualStudioVersion = 17.10.34928.147
MinimumVisualStudioVersion = 10.0.40219.1
Project("{FAE04EC0-301F-11D3-BF4B-00C04F79EFBC}") = "Laboratorio6", "Laboratorio6.csproj", "{420F0583-9E60-45C8-8693-263964D99D6C}"
EndProject
Global
	GlobalSection(SolutionConfigurationPlatforms) = preSolution
		Debug|Any CPU = Debug|Any CPU
		Release|Any CPU = Release|Any CPU
	EndGlobalSection
	GlobalSection(ProjectConfigurationPlatforms) = postSolution
		{420F0583-9E60-45C8-8693-263964D99D6C}.Debug|Any CPU.ActiveCfg = Debug|Any CPU
		{420F0583-9E60-45C8-8693-263964D99D6C}.Debug|Any CPU.Build.0 = Debug|Any CPU
		{420F0583-9E60-45C8-8693-263964D99D6C}.Release|Any CPU.ActiveCfg = Release|Any CPU
		{420F0583-9E60-45C8-8693-263964D99D6C}.Release|Any CPU.Build.0 = Release|Any CPU
	EndGlobalSection
	GlobalSection(SolutionProperties) = preSolution
		HideSolutionNode = FALSE
	EndGlobalSection
	GlobalSection(ExtensibilityGlobals) = postSolution
		SolutionGuid = {3D13F38A-FFC8-42FA-8C35-030ADE2F19C4}
	EndGlobalSection
EndGlobal
