
Microsoft Visual Studio Solution File, Format Version 12.00
# Visual Studio Version 17
VisualStudioVersion = 17.10.34928.147
MinimumVisualStudioVersion = 10.0.40219.1
Project("{FAE04EC0-301F-11D3-BF4B-00C04F79EFBC}") = "Laboratorio2", "Laboratorio2.csproj", "{9F43F3EC-F6A7-40FC-B894-A243D012D48D}"
EndProject
Global
	GlobalSection(SolutionConfigurationPlatforms) = preSolution
		Debug|Any CPU = Debug|Any CPU
		Release|Any CPU = Release|Any CPU
	EndGlobalSection
	GlobalSection(ProjectConfigurationPlatforms) = postSolution
		{9F43F3EC-F6A7-40FC-B894-A243D012D48D}.Debug|Any CPU.ActiveCfg = Debug|Any CPU
		{9F43F3EC-F6A7-40FC-B894-A243D012D48D}.Debug|Any CPU.Build.0 = Debug|Any CPU
		{9F43F3EC-F6A7-40FC-B894-A243D012D48D}.Release|Any CPU.ActiveCfg = Release|Any CPU
		{9F43F3EC-F6A7-40FC-B894-A243D012D48D}.Release|Any CPU.Build.0 = Release|Any CPU
	EndGlobalSection
	GlobalSection(SolutionProperties) = preSolution
		HideSolutionNode = FALSE
	EndGlobalSection
	GlobalSection(ExtensibilityGlobals) = postSolution
		SolutionGuid = {D2E04FC2-7EC6-4DF9-BFC4-CA38A767727F}
	EndGlobalSection
EndGlobal
